
Microsoft Visual Studio Solution File, Format Version 12.00
# Visual Studio 15
VisualStudioVersion = 15.0.27004.2002
MinimumVisualStudioVersion = 10.0.40219.1
Project("{FAE04EC0-301F-11D3-BF4B-00C04F79EFBC}") = "Clicker", "Clicker\Clicker.csproj", "{28C2CA37-334A-4990-9744-F39C8E28DF39}"
EndProject
Global
	GlobalSection(SolutionConfigurationPlatforms) = preSolution
		Debug|Any CPU = Debug|Any CPU
		Release|Any CPU = Release|Any CPU
	EndGlobalSection
	GlobalSection(ProjectConfigurationPlatforms) = postSolution
		{28C2CA37-334A-4990-9744-F39C8E28DF39}.Debug|Any CPU.ActiveCfg = Debug|Any CPU
		{28C2CA37-334A-4990-9744-F39C8E28DF39}.Debug|Any CPU.Build.0 = Debug|Any CPU
		{28C2CA37-334A-4990-9744-F39C8E28DF39}.Release|Any CPU.ActiveCfg = Release|Any CPU
		{28C2CA37-334A-4990-9744-F39C8E28DF39}.Release|Any CPU.Build.0 = Release|Any CPU
	EndGlobalSection
	GlobalSection(SolutionProperties) = preSolution
		HideSolutionNode = FALSE
	EndGlobalSection
	GlobalSection(ExtensibilityGlobals) = postSolution
		SolutionGuid = {C76086A1-5621-45D5-9FDD-D4B8CA6D1DD2}
	EndGlobalSection
EndGlobal
